
Microsoft Visual Studio Solution File, Format Version 12.00
# Visual Studio Version 17
VisualStudioVersion = 17.3.32811.315
MinimumVisualStudioVersion = 10.0.40219.1
Project("{9A19103F-16F7-4668-BE54-9A1E7A4F7556}") = "Cms_Backend", "Cms_Backend\Cms_Backend.csproj", "{ACCD5D7D-D55B-4C12-A6BC-5BC25D76C135}"
EndProject
Global
	GlobalSection(SolutionConfigurationPlatforms) = preSolution
		Debug|Any CPU = Debug|Any CPU
		Release|Any CPU = Release|Any CPU
	EndGlobalSection
	GlobalSection(ProjectConfigurationPlatforms) = postSolution
		{ACCD5D7D-D55B-4C12-A6BC-5BC25D76C135}.Debug|Any CPU.ActiveCfg = Release|Any CPU
		{ACCD5D7D-D55B-4C12-A6BC-5BC25D76C135}.Debug|Any CPU.Build.0 = Release|Any CPU
		{ACCD5D7D-D55B-4C12-A6BC-5BC25D76C135}.Release|Any CPU.ActiveCfg = Release|Any CPU
		{ACCD5D7D-D55B-4C12-A6BC-5BC25D76C135}.Release|Any CPU.Build.0 = Release|Any CPU
	EndGlobalSection
	GlobalSection(SolutionProperties) = preSolution
		HideSolutionNode = FALSE
	EndGlobalSection
	GlobalSection(ExtensibilityGlobals) = postSolution
		SolutionGuid = {7AA14CFA-D058-4FBB-AB66-2EDF3F072DCE}
	EndGlobalSection
EndGlobal
